
Microsoft Visual Studio Solution File, Format Version 12.00
# Visual Studio Version 17
VisualStudioVersion = 17.12.35527.113
MinimumVisualStudioVersion = 10.0.40219.1
Project("{2150E333-8FDC-42A3-9474-1A3956D46DE8}") = "Source", "Source", "{450D9529-736D-4EF5-A056-FE5242B6993A}"
EndProject
Project("{2150E333-8FDC-42A3-9474-1A3956D46DE8}") = "Examples", "Examples", "{74E47475-AA40-497B-90D5-51CF641870F6}"
EndProject
Project("{FAE04EC0-301F-11D3-BF4B-00C04F79EFBC}") = "Console Example", "Examples\Console Example\Console Example.csproj", "{5B36957D-A250-4EE5-B444-038DE93D53C0}"
EndProject
Project("{FAE04EC0-301F-11D3-BF4B-00C04F79EFBC}") = "Desktop Example", "Examples\Desktop Example\Desktop Example.csproj", "{E17F6CCB-4826-4CAA-806A-DE725D8443C8}"
EndProject
Project("{FAE04EC0-301F-11D3-BF4B-00C04F79EFBC}") = "ScikitLearn", "Source\ScikitLearn\ScikitLearn.csproj", "{03E91DC7-E5F5-4D12-A1C7-9CFCDB386E41}"
EndProject
Project("{FAE04EC0-301F-11D3-BF4B-00C04F79EFBC}") = "CodeGenerator", "Source\CodeGenerator\CodeGenerator.csproj", "{14CA1D95-0A9D-4967-8165-E20872677A90}"
EndProject
Project("{FAE04EC0-301F-11D3-BF4B-00C04F79EFBC}") = "ScikitLearn.Signatures", "Source\ScikitLearn.Signatures\ScikitLearn.Signatures.csproj", "{E6B36B17-5197-4E0D-9E38-31F4C5CF2960}"
EndProject
Global
	GlobalSection(SolutionConfigurationPlatforms) = preSolution
		Debug|Any CPU = Debug|Any CPU
		Release|Any CPU = Release|Any CPU
	EndGlobalSection
	GlobalSection(ProjectConfigurationPlatforms) = postSolution
		{5B36957D-A250-4EE5-B444-038DE93D53C0}.Debug|Any CPU.ActiveCfg = Debug|Any CPU
		{5B36957D-A250-4EE5-B444-038DE93D53C0}.Debug|Any CPU.Build.0 = Debug|Any CPU
		{5B36957D-A250-4EE5-B444-038DE93D53C0}.Release|Any CPU.ActiveCfg = Release|Any CPU
		{5B36957D-A250-4EE5-B444-038DE93D53C0}.Release|Any CPU.Build.0 = Release|Any CPU
		{E17F6CCB-4826-4CAA-806A-DE725D8443C8}.Debug|Any CPU.ActiveCfg = Debug|Any CPU
		{E17F6CCB-4826-4CAA-806A-DE725D8443C8}.Debug|Any CPU.Build.0 = Debug|Any CPU
		{E17F6CCB-4826-4CAA-806A-DE725D8443C8}.Release|Any CPU.ActiveCfg = Release|Any CPU
		{E17F6CCB-4826-4CAA-806A-DE725D8443C8}.Release|Any CPU.Build.0 = Release|Any CPU
		{03E91DC7-E5F5-4D12-A1C7-9CFCDB386E41}.Debug|Any CPU.ActiveCfg = Debug|Any CPU
		{03E91DC7-E5F5-4D12-A1C7-9CFCDB386E41}.Debug|Any CPU.Build.0 = Debug|Any CPU
		{03E91DC7-E5F5-4D12-A1C7-9CFCDB386E41}.Release|Any CPU.ActiveCfg = Release|Any CPU
		{03E91DC7-E5F5-4D12-A1C7-9CFCDB386E41}.Release|Any CPU.Build.0 = Release|Any CPU
		{14CA1D95-0A9D-4967-8165-E20872677A90}.Debug|Any CPU.ActiveCfg = Debug|Any CPU
		{14CA1D95-0A9D-4967-8165-E20872677A90}.Debug|Any CPU.Build.0 = Debug|Any CPU
		{14CA1D95-0A9D-4967-8165-E20872677A90}.Release|Any CPU.ActiveCfg = Release|Any CPU
		{14CA1D95-0A9D-4967-8165-E20872677A90}.Release|Any CPU.Build.0 = Release|Any CPU
		{E6B36B17-5197-4E0D-9E38-31F4C5CF2960}.Debug|Any CPU.ActiveCfg = Debug|Any CPU
		{E6B36B17-5197-4E0D-9E38-31F4C5CF2960}.Debug|Any CPU.Build.0 = Debug|Any CPU
		{E6B36B17-5197-4E0D-9E38-31F4C5CF2960}.Release|Any CPU.ActiveCfg = Release|Any CPU
		{E6B36B17-5197-4E0D-9E38-31F4C5CF2960}.Release|Any CPU.Build.0 = Release|Any CPU
	EndGlobalSection
	GlobalSection(SolutionProperties) = preSolution
		HideSolutionNode = FALSE
	EndGlobalSection
	GlobalSection(NestedProjects) = preSolution
		{5B36957D-A250-4EE5-B444-038DE93D53C0} = {74E47475-AA40-497B-90D5-51CF641870F6}
		{E17F6CCB-4826-4CAA-806A-DE725D8443C8} = {74E47475-AA40-497B-90D5-51CF641870F6}
		{03E91DC7-E5F5-4D12-A1C7-9CFCDB386E41} = {450D9529-736D-4EF5-A056-FE5242B6993A}
		{14CA1D95-0A9D-4967-8165-E20872677A90} = {450D9529-736D-4EF5-A056-FE5242B6993A}
		{E6B36B17-5197-4E0D-9E38-31F4C5CF2960} = {450D9529-736D-4EF5-A056-FE5242B6993A}
	EndGlobalSection
	GlobalSection(ExtensibilityGlobals) = postSolution
		SolutionGuid = {42EB3250-B41E-41DA-A483-44CDB2E3F3F3}
	EndGlobalSection
EndGlobal
